
Microsoft Visual Studio Solution File, Format Version 12.00
# Visual Studio Version 17
VisualStudioVersion = 17.2.32526.322
MinimumVisualStudioVersion = 10.0.40219.1
Project("{FAE04EC0-301F-11D3-BF4B-00C04F79EFBC}") = "infoAPI", "infoAPI\infoAPI.csproj", "{FFEDDE1F-6FA5-4ED4-AF11-F39579DEF552}"
EndProject
Global
	GlobalSection(SolutionConfigurationPlatforms) = preSolution
		Debug|Any CPU = Debug|Any CPU
		Release|Any CPU = Release|Any CPU
	EndGlobalSection
	GlobalSection(ProjectConfigurationPlatforms) = postSolution
		{FFEDDE1F-6FA5-4ED4-AF11-F39579DEF552}.Debug|Any CPU.ActiveCfg = Debug|Any CPU
		{FFEDDE1F-6FA5-4ED4-AF11-F39579DEF552}.Debug|Any CPU.Build.0 = Debug|Any CPU
		{FFEDDE1F-6FA5-4ED4-AF11-F39579DEF552}.Release|Any CPU.ActiveCfg = Release|Any CPU
		{FFEDDE1F-6FA5-4ED4-AF11-F39579DEF552}.Release|Any CPU.Build.0 = Release|Any CPU
	EndGlobalSection
	GlobalSection(SolutionProperties) = preSolution
		HideSolutionNode = FALSE
	EndGlobalSection
	GlobalSection(ExtensibilityGlobals) = postSolution
		SolutionGuid = {1957A157-8E92-40F6-98AD-AA6CE32CCABF}
	EndGlobalSection
EndGlobal
